// !$*UTF8*$!
{
	archiveVersion = 1;
	classes = {
	};
	objectVersion = 77;
	objects = {

/* Begin PBXContainerItemProxy section */
		AB6EDAE22E300AE1004620BC /* PBXContainerItemProxy */ = {
			isa = PBXContainerItemProxy;
			containerPortal = AB6EDACC2E300ADF004620BC /* Project object */;
			proxyType = 1;
			remoteGlobalIDString = AB6EDAD32E300ADF004620BC;
			remoteInfo = GewaesserKarten1;
		};
		AB6EDAEC2E300AE1004620BC /* PBXContainerItemProxy */ = {
			isa = PBXContainerItemProxy;
			containerPortal = AB6EDACC2E300ADF004620BC /* Project object */;
			proxyType = 1;
			remoteGlobalIDString = AB6EDAD32E300ADF004620BC;
			remoteInfo = GewaesserKarten1;
		};
/* End PBXContainerItemProxy section */

/* Begin PBXFileReference section */
		AB6EDAD42E300ADF004620BC /* GewaesserKarten1.app */ = {isa = PBXFileReference; explicitFileType = wrapper.application; includeInIndex = 0; path = GewaesserKarten1.app; sourceTree = BUILT_PRODUCTS_DIR; };
		AB6EDAE12E300AE1004620BC /* GewaesserKarten1Tests.xctest */ = {isa = PBXFileReference; explicitFileType = wrapper.cfbundle; includeInIndex = 0; path = GewaesserKarten1Tests.xctest; sourceTree = BUILT_PRODUCTS_DIR; };
		AB6EDAEB2E300AE1004620BC /* GewaesserKarten1UITests.xctest */ = {isa = PBXFileReference; explicitFileType = wrapper.cfbundle; includeInIndex = 0; path = GewaesserKarten1UITests.xctest; sourceTree = BUILT_PRODUCTS_DIR; };
/* End PBXFileReference section */

/* Begin PBXFileSystemSynchronizedRootGroup section */
		AB6EDAD62E300ADF004620BC /* GewaesserKarten1 */ = {
			isa = PBXFileSystemSynchronizedRootGroup;
			path = GewaesserKarten1;
			sourceTree = "<group>";
		};
		AB6EDAE42E300AE1004620BC /* GewaesserKarten1Tests */ = {
			isa = PBXFileSystemSynchronizedRootGroup;
			path = GewaesserKarten1Tests;
			sourceTree = "<group>";
		};
		AB6EDAEE2E300AE1004620BC /* GewaesserKarten1UITests */ = {
			isa = PBXFileSystemSynchronizedRootGroup;
			path = GewaesserKarten1UITests;
			sourceTree = "<group>";
		};
/* End PBXFileSystemSynchronizedRootGroup section */

/* Begin PBXFrameworksBuildPhase section */
		AB6EDAD12E300ADF004620BC /* Frameworks */ = {
			isa = PBXFrameworksBuildPhase;
			buildActionMask = 2147483647;
			files = (
			);
			runOnlyForDeploymentPostprocessing = 0;
		};
		AB6EDADE2E300AE1004620BC /* Frameworks */ = {
			isa = PBXFrameworksBuildPhase;
			buildActionMask = 2147483647;
			files = (
			);
			runOnlyForDeploymentPostprocessing = 0;
		};
		AB6EDAE82E300AE1004620BC /* Frameworks */ = {
			isa = PBXFrameworksBuildPhase;
			buildActionMask = 2147483647;
			files = (
			);
			runOnlyForDeploymentPostprocessing = 0;
		};
/* End PBXFrameworksBuildPhase section */

/* Begin PBXGroup section */
		AB6EDACB2E300ADF004620BC = {
			isa = PBXGroup;
			children = (
				AB6EDAD62E300ADF004620BC /* GewaesserKarten1 */,
				AB6EDAE42E300AE1004620BC /* GewaesserKarten1Tests */,
				AB6EDAEE2E300AE1004620BC /* GewaesserKarten1UITests */,
				AB6EDAD52E300ADF004620BC /* Products */,
			);
			sourceTree = "<group>";
		};
		AB6EDAD52E300ADF004620BC /* Products */ = {
			isa = PBXGroup;
			children = (
				AB6EDAD42E300ADF004620BC /* GewaesserKarten1.app */,
				AB6EDAE12E300AE1004620BC /* GewaesserKarten1Tests.xctest */,
				AB6EDAEB2E300AE1004620BC /* GewaesserKarten1UITests.xctest */,
			);
			name = Products;
			sourceTree = "<group>";
		};
/* End PBXGroup section */

/* Begin PBXNativeTarget section */
		AB6EDAD32E300ADF004620BC /* GewaesserKarten1 */ = {
			isa = PBXNativeTarget;
			buildConfigurationList = AB6EDAF52E300AE1004620BC /* Build configuration list for PBXNativeTarget "GewaesserKarten1" */;
			buildPhases = (
				AB6EDAD02E300ADF004620BC /* Sources */,
				AB6EDAD12E300ADF004620BC /* Frameworks */,
				AB6EDAD22E300ADF004620BC /* Resources */,
			);
			buildRules = (
			);
			dependencies = (
			);
			fileSystemSynchronizedGroups = (
				AB6EDAD62E300ADF004620BC /* GewaesserKarten1 */,
			);
			name = GewaesserKarten1;
			packageProductDependencies = (
			);
			productName = GewaesserKarten1;
			productReference = AB6EDAD42E300ADF004620BC /* GewaesserKarten1.app */;
			productType = "com.apple.product-type.application";
		};
		AB6EDAE02E300AE1004620BC /* GewaesserKarten1Tests */ = {
			isa = PBXNativeTarget;
			buildConfigurationList = AB6EDAF82E300AE1004620BC /* Build configuration list for PBXNativeTarget "GewaesserKarten1Tests" */;
			buildPhases = (
				AB6EDADD2E300AE1004620BC /* Sources */,
				AB6EDADE2E300AE1004620BC /* Frameworks */,
				AB6EDADF2E300AE1004620BC /* Resources */,
			);
			buildRules = (
			);
			dependencies = (
				AB6EDAE32E300AE1004620BC /* PBXTargetDependency */,
			);
			fileSystemSynchronizedGroups = (
				AB6EDAE42E300AE1004620BC /* GewaesserKarten1Tests */,
			);
			name = GewaesserKarten1Tests;
			packageProductDependencies = (
			);
			productName = GewaesserKarten1Tests;
			productReference = AB6EDAE12E300AE1004620BC /* GewaesserKarten1Tests.xctest */;
			productType = "com.apple.product-type.bundle.unit-test";
		};
		AB6EDAEA2E300AE1004620BC /* GewaesserKarten1UITests */ = {
			isa = PBXNativeTarget;
			buildConfigurationList = AB6EDAFB2E300AE1004620BC /* Build configuration list for PBXNativeTarget "GewaesserKarten1UITests" */;
			buildPhases = (
				AB6EDAE72E300AE1004620BC /* Sources */,
				AB6EDAE82E300AE1004620BC /* Frameworks */,
				AB6EDAE92E300AE1004620BC /* Resources */,
			);
			buildRules = (
			);
			dependencies = (
				AB6EDAED2E300AE1004620BC /* PBXTargetDependency */,
			);
			fileSystemSynchronizedGroups = (
				AB6EDAEE2E300AE1004620BC /* GewaesserKarten1UITests */,
			);
			name = GewaesserKarten1UITests;
			packageProductDependencies = (
			);
			productName = GewaesserKarten1UITests;
			productReference = AB6EDAEB2E300AE1004620BC /* GewaesserKarten1UITests.xctest */;
			productType = "com.apple.product-type.bundle.ui-testing";
		};
/* End PBXNativeTarget section */

/* Begin PBXProject section */
		AB6EDACC2E300ADF004620BC /* Project object */ = {
			isa = PBXProject;
			attributes = {
				BuildIndependentTargetsInParallel = 1;
				LastSwiftUpdateCheck = 1630;
				LastUpgradeCheck = 1630;
				TargetAttributes = {
					AB6EDAD32E300ADF004620BC = {
						CreatedOnToolsVersion = 16.3;
					};
					AB6EDAE02E300AE1004620BC = {
						CreatedOnToolsVersion = 16.3;
						TestTargetID = AB6EDAD32E300ADF004620BC;
					};
					AB6EDAEA2E300AE1004620BC = {
						CreatedOnToolsVersion = 16.3;
						TestTargetID = AB6EDAD32E300ADF004620BC;
					};
				};
			};
			buildConfigurationList = AB6EDACF2E300ADF004620BC /* Build configuration list for PBXProject "GewaesserKarten1" */;
			developmentRegion = en;
			hasScannedForEncodings = 0;
			knownRegions = (
				en,
				Base,
			);
			mainGroup = AB6EDACB2E300ADF004620BC;
			minimizedProjectReferenceProxies = 1;
			preferredProjectObjectVersion = 77;
			productRefGroup = AB6EDAD52E300ADF004620BC /* Products */;
			projectDirPath = "";
			projectRoot = "";
			targets = (
				AB6EDAD32E300ADF004620BC /* GewaesserKarten1 */,
				AB6EDAE02E300AE1004620BC /* GewaesserKarten1Tests */,
				AB6EDAEA2E300AE1004620BC /* GewaesserKarten1UITests */,
			);
		};
/* End PBXProject section */

/* Begin PBXResourcesBuildPhase section */
		AB6EDAD22E300ADF004620BC /* Resources */ = {
			isa = PBXResourcesBuildPhase;
			buildActionMask = 2147483647;
			files = (
			);
			runOnlyForDeploymentPostprocessing = 0;
		};
		AB6EDADF2E300AE1004620BC /* Resources */ = {
			isa = PBXResourcesBuildPhase;
			buildActionMask = 2147483647;
			files = (
			);
			runOnlyForDeploymentPostprocessing = 0;
		};
		AB6EDAE92E300AE1004620BC /* Resources */ = {
			isa = PBXResourcesBuildPhase;
			buildActionMask = 2147483647;
			files = (
			);
			runOnlyForDeploymentPostprocessing = 0;
		};
/* End PBXResourcesBuildPhase section */

/* Begin PBXSourcesBuildPhase section */
		AB6EDAD02E300ADF004620BC /* Sources */ = {
			isa = PBXSourcesBuildPhase;
			buildActionMask = 2147483647;
			files = (
			);
			runOnlyForDeploymentPostprocessing = 0;
		};
		AB6EDADD2E300AE1004620BC /* Sources */ = {
			isa = PBXSourcesBuildPhase;
			buildActionMask = 2147483647;
			files = (
			);
			runOnlyForDeploymentPostprocessing = 0;
		};
		AB6EDAE72E300AE1004620BC /* Sources */ = {
			isa = PBXSourcesBuildPhase;
			buildActionMask = 2147483647;
			files = (
			);
			runOnlyForDeploymentPostprocessing = 0;
		};
/* End PBXSourcesBuildPhase section */

/* Begin PBXTargetDependency section */
		AB6EDAE32E300AE1004620BC /* PBXTargetDependency */ = {
			isa = PBXTargetDependency;
			target = AB6EDAD32E300ADF004620BC /* GewaesserKarten1 */;
			targetProxy = AB6EDAE22E300AE1004620BC /* PBXContainerItemProxy */;
		};
		AB6EDAED2E300AE1004620BC /* PBXTargetDependency */ = {
			isa = PBXTargetDependency;
			target = AB6EDAD32E300ADF004620BC /* GewaesserKarten1 */;
			targetProxy = AB6EDAEC2E300AE1004620BC /* PBXContainerItemProxy */;
		};
/* End PBXTargetDependency section */

/* Begin XCBuildConfiguration section */
		AB6EDAF32E300AE1004620BC /* Debug */ = {
			isa = XCBuildConfiguration;
			buildSettings = {
				ALWAYS_SEARCH_USER_PATHS = NO;
				ASSETCATALOG_COMPILER_GENERATE_SWIFT_ASSET_SYMBOL_EXTENSIONS = YES;
				CLANG_ANALYZER_NONNULL = YES;
				CLANG_ANALYZER_NUMBER_OBJECT_CONVERSION = YES_AGGRESSIVE;
				CLANG_CXX_LANGUAGE_STANDARD = "gnu++20";
				CLANG_ENABLE_MODULES = YES;
				CLANG_ENABLE_OBJC_ARC = YES;
				CLANG_ENABLE_OBJC_WEAK = YES;
				CLANG_WARN_BLOCK_CAPTURE_AUTORELEASING = YES;
				CLANG_WARN_BOOL_CONVERSION = YES;
				CLANG_WARN_COMMA = YES;
				CLANG_WARN_CONSTANT_CONVERSION = YES;
				CLANG_WARN_DEPRECATED_OBJC_IMPLEMENTATIONS = YES;
				CLANG_WARN_DIRECT_OBJC_ISA_USAGE = YES_ERROR;
				CLANG_WARN_DOCUMENTATION_COMMENTS = YES;
				CLANG_WARN_EMPTY_BODY = YES;
				CLANG_WARN_ENUM_CONVERSION = YES;
				CLANG_WARN_INFINITE_RECURSION = YES;
				CLANG_WARN_INT_CONVERSION = YES;
				CLANG_WARN_NON_LITERAL_NULL_CONVERSION = YES;
				CLANG_WARN_OBJC_IMPLICIT_RETAIN_SELF = YES;
				CLANG_WARN_OBJC_LITERAL_CONVERSION = YES;
				CLANG_WARN_OBJC_ROOT_CLASS = YES_ERROR;
				CLANG_WARN_QUOTED_INCLUDE_IN_FRAMEWORK_HEADER = YES;
				CLANG_WARN_RANGE_LOOP_ANALYSIS = YES;
				CLANG_WARN_STRICT_PROTOTYPES = YES;
				CLANG_WARN_SUSPICIOUS_MOVE = YES;
				CLANG_WARN_UNGUARDED_AVAILABILITY = YES_AGGRESSIVE;
				CLANG_WARN_UNREACHABLE_CODE = YES;
				CLANG_WARN__DUPLICATE_METHOD_MATCH = YES;
				COPY_PHASE_STRIP = NO;
				DEBUG_INFORMATION_FORMAT = dwarf;
				ENABLE_STRICT_OBJC_MSGSEND = YES;
				ENABLE_TESTABILITY = YES;
				ENABLE_USER_SCRIPT_SANDBOXING = YES;
				GCC_C_LANGUAGE_STANDARD = gnu17;
				GCC_DYNAMIC_NO_PIC = NO;
				GCC_NO_COMMON_BLOCKS = YES;
				GCC_OPTIMIZATION_LEVEL = 0;
				GCC_PREPROCESSOR_DEFINITIONS = (
					"DEBUG=1",
					"$(inherited)",
				);
				GCC_WARN_64_TO_32_BIT_CONVERSION = YES;
				GCC_WARN_ABOUT_RETURN_TYPE = YES_ERROR;
				GCC_WARN_UNDECLARED_SELECTOR = YES;
				GCC_WARN_UNINITIALIZED_AUTOS = YES_AGGRESSIVE;
				GCC_WARN_UNUSED_FUNCTION = YES;
				GCC_WARN_UNUSED_VARIABLE = YES;
				IPHONEOS_DEPLOYMENT_TARGET = 18.4;
				LOCALIZATION_PREFERS_STRING_CATALOGS = YES;
				MTL_ENABLE_DEBUG_INFO = INCLUDE_SOURCE;
				MTL_FAST_MATH = YES;
				ONLY_ACTIVE_ARCH = YES;
				SDKROOT = iphoneos;
				SWIFT_ACTIVE_COMPILATION_CONDITIONS = "DEBUG $(inherited)";
				SWIFT_OPTIMIZATION_LEVEL = "-Onone";
			};
			name = Debug;
		};
		AB6EDAF42E300AE1004620BC /* Release */ = {
			isa = XCBuildConfiguration;
			buildSettings = {
				ALWAYS_SEARCH_USER_PATHS = NO;
				ASSETCATALOG_COMPILER_GENERATE_SWIFT_ASSET_SYMBOL_EXTENSIONS = YES;
				CLANG_ANALYZER_NONNULL = YES;
				CLANG_ANALYZER_NUMBER_OBJECT_CONVERSION = YES_AGGRESSIVE;
				CLANG_CXX_LANGUAGE_STANDARD = "gnu++20";
				CLANG_ENABLE_MODULES = YES;
				CLANG_ENABLE_OBJC_ARC = YES;
				CLANG_ENABLE_OBJC_WEAK = YES;
				CLANG_WARN_BLOCK_CAPTURE_AUTORELEASING = YES;
				CLANG_WARN_BOOL_CONVERSION = YES;
				CLANG_WARN_COMMA = YES;
				CLANG_WARN_CONSTANT_CONVERSION = YES;
				CLANG_WARN_DEPRECATED_OBJC_IMPLEMENTATIONS = YES;
				CLANG_WARN_DIRECT_OBJC_ISA_USAGE = YES_ERROR;
				CLANG_WARN_DOCUMENTATION_COMMENTS = YES;
				CLANG_WARN_EMPTY_BODY = YES;
				CLANG_WARN_ENUM_CONVERSION = YES;
				CLANG_WARN_INFINITE_RECURSION = YES;
				CLANG_WARN_INT_CONVERSION = YES;
				CLANG_WARN_NON_LITERAL_NULL_CONVERSION = YES;
				CLANG_WARN_OBJC_IMPLICIT_RETAIN_SELF = YES;
				CLANG_WARN_OBJC_LITERAL_CONVERSION = YES;
				CLANG_WARN_OBJC_ROOT_CLASS = YES_ERROR;
				CLANG_WARN_QUOTED_INCLUDE_IN_FRAMEWORK_HEADER = YES;
				CLANG_WARN_RANGE_LOOP_ANALYSIS = YES;
				CLANG_WARN_STRICT_PROTOTYPES = YES;
				CLANG_WARN_SUSPICIOUS_MOVE = YES;
				CLANG_WARN_UNGUARDED_AVAILABILITY = YES_AGGRESSIVE;
				CLANG_WARN_UNREACHABLE_CODE = YES;
				CLANG_WARN__DUPLICATE_METHOD_MATCH = YES;
				COPY_PHASE_STRIP = NO;
				DEBUG_INFORMATION_FORMAT = "dwarf-with-dsym";
				ENABLE_NS_ASSERTIONS = NO;
				ENABLE_STRICT_OBJC_MSGSEND = YES;
				ENABLE_USER_SCRIPT_SANDBOXING = YES;
				GCC_C_LANGUAGE_STANDARD = gnu17;
				GCC_NO_COMMON_BLOCKS = YES;
				GCC_WARN_64_TO_32_BIT_CONVERSION = YES;
				GCC_WARN_ABOUT_RETURN_TYPE = YES_ERROR;
				GCC_WARN_UNDECLARED_SELECTOR = YES;
				GCC_WARN_UNINITIALIZED_AUTOS = YES_AGGRESSIVE;
				GCC_WARN_UNUSED_FUNCTION = YES;
				GCC_WARN_UNUSED_VARIABLE = YES;
				IPHONEOS_DEPLOYMENT_TARGET = 18.4;
				LOCALIZATION_PREFERS_STRING_CATALOGS = YES;
				MTL_ENABLE_DEBUG_INFO = NO;
				MTL_FAST_MATH = YES;
				SDKROOT = iphoneos;
				SWIFT_COMPILATION_MODE = wholemodule;
				VALIDATE_PRODUCT = YES;
			};
			name = Release;
		};
		AB6EDAF62E300AE1004620BC /* Debug */ = {
			isa = XCBuildConfiguration;
			buildSettings = {
				ASSETCATALOG_COMPILER_APPICON_NAME = AppIcon;
				ASSETCATALOG_COMPILER_GLOBAL_ACCENT_COLOR_NAME = AccentColor;
				CODE_SIGN_STYLE = Automatic;
				CURRENT_PROJECT_VERSION = 1;
				ENABLE_PREVIEWS = YES;
				GENERATE_INFOPLIST_FILE = YES;
				INFOPLIST_KEY_UIApplicationSceneManifest_Generation = YES;
				INFOPLIST_KEY_UIApplicationSupportsIndirectInputEvents = YES;
				INFOPLIST_KEY_UILaunchScreen_Generation = YES;
				INFOPLIST_KEY_UISupportedInterfaceOrientations_iPad = "UIInterfaceOrientationPortrait UIInterfaceOrientationPortraitUpsideDown UIInterfaceOrientationLandscapeLeft UIInterfaceOrientationLandscapeRight";
				INFOPLIST_KEY_UISupportedInterfaceOrientations_iPhone = "UIInterfaceOrientationPortrait UIInterfaceOrientationLandscapeLeft UIInterfaceOrientationLandscapeRight";
				LD_RUNPATH_SEARCH_PATHS = (
					"$(inherited)",
					"@executable_path/Frameworks",
				);
				MARKETING_VERSION = 1.0;
				PRODUCT_BUNDLE_IDENTIFIER = "de.syntax-institut.GewaesserKarten1";
				PRODUCT_NAME = "$(TARGET_NAME)";
				SWIFT_EMIT_LOC_STRINGS = YES;
				SWIFT_VERSION = 5.0;
				TARGETED_DEVICE_FAMILY = "1,2";
			};
			name = Debug;
		};
		AB6EDAF72E300AE1004620BC /* Release */ = {
			isa = XCBuildConfiguration;
			buildSettings = {
				ASSETCATALOG_COMPILER_APPICON_NAME = AppIcon;
				ASSETCATALOG_COMPILER_GLOBAL_ACCENT_COLOR_NAME = AccentColor;
				CODE_SIGN_STYLE = Automatic;
				CURRENT_PROJECT_VERSION = 1;
				ENABLE_PREVIEWS = YES;
				GENERATE_INFOPLIST_FILE = YES;
				INFOPLIST_KEY_UIApplicationSceneManifest_Generation = YES;
				INFOPLIST_KEY_UIApplicationSupportsIndirectInputEvents = YES;
				INFOPLIST_KEY_UILaunchScreen_Generation = YES;
				INFOPLIST_KEY_UISupportedInterfaceOrientations_iPad = "UIInterfaceOrientationPortrait UIInterfaceOrientationPortraitUpsideDown UIInterfaceOrientationLandscapeLeft UIInterfaceOrientationLandscapeRight";
				INFOPLIST_KEY_UISupportedInterfaceOrientations_iPhone = "UIInterfaceOrientationPortrait UIInterfaceOrientationLandscapeLeft UIInterfaceOrientationLandscapeRight";
				LD_RUNPATH_SEARCH_PATHS = (
					"$(inherited)",
					"@executable_path/Frameworks",
				);
				MARKETING_VERSION = 1.0;
				PRODUCT_BUNDLE_IDENTIFIER = "de.syntax-institut.GewaesserKarten1";
				PRODUCT_NAME = "$(TARGET_NAME)";
				SWIFT_EMIT_LOC_STRINGS = YES;
				SWIFT_VERSION = 5.0;
				TARGETED_DEVICE_FAMILY = "1,2";
			};
			name = Release;
		};
		AB6EDAF92E300AE1004620BC /* Debug */ = {
			isa = XCBuildConfiguration;
			buildSettings = {
				BUNDLE_LOADER = "$(TEST_HOST)";
				CODE_SIGN_STYLE = Automatic;
				CURRENT_PROJECT_VERSION = 1;
				GENERATE_INFOPLIST_FILE = YES;
				IPHONEOS_DEPLOYMENT_TARGET = 18.4;
				MARKETING_VERSION = 1.0;
				PRODUCT_BUNDLE_IDENTIFIER = "de.syntax-institut.GewaesserKarten1Tests";
				PRODUCT_NAME = "$(TARGET_NAME)";
				SWIFT_EMIT_LOC_STRINGS = NO;
				SWIFT_VERSION = 5.0;
				TARGETED_DEVICE_FAMILY = "1,2";
				TEST_HOST = "$(BUILT_PRODUCTS_DIR)/GewaesserKarten1.app/$(BUNDLE_EXECUTABLE_FOLDER_PATH)/GewaesserKarten1";
			};
			name = Debug;
		};
		AB6EDAFA2E300AE1004620BC /* Release */ = {
			isa = XCBuildConfiguration;
			buildSettings = {
				BUNDLE_LOADER = "$(TEST_HOST)";
				CODE_SIGN_STYLE = Automatic;
				CURRENT_PROJECT_VERSION = 1;
				GENERATE_INFOPLIST_FILE = YES;
				IPHONEOS_DEPLOYMENT_TARGET = 18.4;
				MARKETING_VERSION = 1.0;
				PRODUCT_BUNDLE_IDENTIFIER = "de.syntax-institut.GewaesserKarten1Tests";
				PRODUCT_NAME = "$(TARGET_NAME)";
				SWIFT_EMIT_LOC_STRINGS = NO;
				SWIFT_VERSION = 5.0;
				TARGETED_DEVICE_FAMILY = "1,2";
				TEST_HOST = "$(BUILT_PRODUCTS_DIR)/GewaesserKarten1.app/$(BUNDLE_EXECUTABLE_FOLDER_PATH)/GewaesserKarten1";
			};
			name = Release;
		};
		AB6EDAFC2E300AE1004620BC /* Debug */ = {
			isa = XCBuildConfiguration;
			buildSettings = {
				CODE_SIGN_STYLE = Automatic;
				CURRENT_PROJECT_VERSION = 1;
				GENERATE_INFOPLIST_FILE = YES;
				MARKETING_VERSION = 1.0;
				PRODUCT_BUNDLE_IDENTIFIER = "de.syntax-institut.GewaesserKarten1UITests";
				PRODUCT_NAME = "$(TARGET_NAME)";
				SWIFT_EMIT_LOC_STRINGS = NO;
				SWIFT_VERSION = 5.0;
				TARGETED_DEVICE_FAMILY = "1,2";
				TEST_TARGET_NAME = GewaesserKarten1;
			};
			name = Debug;
		};
		AB6EDAFD2E300AE1004620BC /* Release */ = {
			isa = XCBuildConfiguration;
			buildSettings = {
				CODE_SIGN_STYLE = Automatic;
				CURRENT_PROJECT_VERSION = 1;
				GENERATE_INFOPLIST_FILE = YES;
				MARKETING_VERSION = 1.0;
				PRODUCT_BUNDLE_IDENTIFIER = "de.syntax-institut.GewaesserKarten1UITests";
				PRODUCT_NAME = "$(TARGET_NAME)";
				SWIFT_EMIT_LOC_STRINGS = NO;
				SWIFT_VERSION = 5.0;
				TARGETED_DEVICE_FAMILY = "1,2";
				TEST_TARGET_NAME = GewaesserKarten1;
			};
			name = Release;
		};
/* End XCBuildConfiguration section */

/* Begin XCConfigurationList section */
		AB6EDACF2E300ADF004620BC /* Build configuration list for PBXProject "GewaesserKarten1" */ = {
			isa = XCConfigurationList;
			buildConfigurations = (
				AB6EDAF32E300AE1004620BC /* Debug */,
				AB6EDAF42E300AE1004620BC /* Release */,
			);
			defaultConfigurationIsVisible = 0;
			defaultConfigurationName = Release;
		};
		AB6EDAF52E300AE1004620BC /* Build configuration list for PBXNativeTarget "GewaesserKarten1" */ = {
			isa = XCConfigurationList;
			buildConfigurations = (
				AB6EDAF62E300AE1004620BC /* Debug */,
				AB6EDAF72E300AE1004620BC /* Release */,
			);
			defaultConfigurationIsVisible = 0;
			defaultConfigurationName = Release;
		};
		AB6EDAF82E300AE1004620BC /* Build configuration list for PBXNativeTarget "GewaesserKarten1Tests" */ = {
			isa = XCConfigurationList;
			buildConfigurations = (
				AB6EDAF92E300AE1004620BC /* Debug */,
				AB6EDAFA2E300AE1004620BC /* Release */,
			);
			defaultConfigurationIsVisible = 0;
			defaultConfigurationName = Release;
		};
		AB6EDAFB2E300AE1004620BC /* Build configuration list for PBXNativeTarget "GewaesserKarten1UITests" */ = {
			isa = XCConfigurationList;
			buildConfigurations = (
				AB6EDAFC2E300AE1004620BC /* Debug */,
				AB6EDAFD2E300AE1004620BC /* Release */,
			);
			defaultConfigurationIsVisible = 0;
			defaultConfigurationName = Release;
		};
/* End XCConfigurationList section */
	};
	rootObject = AB6EDACC2E300ADF004620BC /* Project object */;
}
